
Microsoft Visual Studio Solution File, Format Version 12.00
# Visual Studio Version 17
VisualStudioVersion = 17.0.31912.275
MinimumVisualStudioVersion = 10.0.40219.1
Project("{FAE04EC0-301F-11D3-BF4B-00C04F79EFBC}") = "Fortinbot", "Fortinbot\Fortinbot.csproj", "{F2F56483-F317-47E7-BA99-A3C926619648}"
EndProject
Project("{FAE04EC0-301F-11D3-BF4B-00C04F79EFBC}") = "Fortinbot.Services", "Fortinbot.Services\Fortinbot.Services.csproj", "{530E4227-4EDB-4E38-BA03-0C4F3198F6E3}"
EndProject
Global
	GlobalSection(SolutionConfigurationPlatforms) = preSolution
		Debug|Any CPU = Debug|Any CPU
		Debug|x64 = Debug|x64
		Debug|x86 = Debug|x86
		Release|Any CPU = Release|Any CPU
		Release|x64 = Release|x64
		Release|x86 = Release|x86
	EndGlobalSection
	GlobalSection(ProjectConfigurationPlatforms) = postSolution
		{F2F56483-F317-47E7-BA99-A3C926619648}.Debug|Any CPU.ActiveCfg = Debug|Any CPU
		{F2F56483-F317-47E7-BA99-A3C926619648}.Debug|Any CPU.Build.0 = Debug|Any CPU
		{F2F56483-F317-47E7-BA99-A3C926619648}.Debug|x64.ActiveCfg = Debug|Any CPU
		{F2F56483-F317-47E7-BA99-A3C926619648}.Debug|x64.Build.0 = Debug|Any CPU
		{F2F56483-F317-47E7-BA99-A3C926619648}.Debug|x86.ActiveCfg = Debug|Any CPU
		{F2F56483-F317-47E7-BA99-A3C926619648}.Debug|x86.Build.0 = Debug|Any CPU
		{F2F56483-F317-47E7-BA99-A3C926619648}.Release|Any CPU.ActiveCfg = Release|Any CPU
		{F2F56483-F317-47E7-BA99-A3C926619648}.Release|Any CPU.Build.0 = Release|Any CPU
		{F2F56483-F317-47E7-BA99-A3C926619648}.Release|x64.ActiveCfg = Release|Any CPU
		{F2F56483-F317-47E7-BA99-A3C926619648}.Release|x64.Build.0 = Release|Any CPU
		{F2F56483-F317-47E7-BA99-A3C926619648}.Release|x86.ActiveCfg = Release|Any CPU
		{F2F56483-F317-47E7-BA99-A3C926619648}.Release|x86.Build.0 = Release|Any CPU
		{530E4227-4EDB-4E38-BA03-0C4F3198F6E3}.Debug|Any CPU.ActiveCfg = Debug|Any CPU
		{530E4227-4EDB-4E38-BA03-0C4F3198F6E3}.Debug|Any CPU.Build.0 = Debug|Any CPU
		{530E4227-4EDB-4E38-BA03-0C4F3198F6E3}.Debug|x64.ActiveCfg = Debug|Any CPU
		{530E4227-4EDB-4E38-BA03-0C4F3198F6E3}.Debug|x64.Build.0 = Debug|Any CPU
		{530E4227-4EDB-4E38-BA03-0C4F3198F6E3}.Debug|x86.ActiveCfg = Debug|Any CPU
		{530E4227-4EDB-4E38-BA03-0C4F3198F6E3}.Debug|x86.Build.0 = Debug|Any CPU
		{530E4227-4EDB-4E38-BA03-0C4F3198F6E3}.Release|Any CPU.ActiveCfg = Release|Any CPU
		{530E4227-4EDB-4E38-BA03-0C4F3198F6E3}.Release|Any CPU.Build.0 = Release|Any CPU
		{530E4227-4EDB-4E38-BA03-0C4F3198F6E3}.Release|x64.ActiveCfg = Release|Any CPU
		{530E4227-4EDB-4E38-BA03-0C4F3198F6E3}.Release|x64.Build.0 = Release|Any CPU
		{530E4227-4EDB-4E38-BA03-0C4F3198F6E3}.Release|x86.ActiveCfg = Release|Any CPU
		{530E4227-4EDB-4E38-BA03-0C4F3198F6E3}.Release|x86.Build.0 = Release|Any CPU
	EndGlobalSection
	GlobalSection(SolutionProperties) = preSolution
		HideSolutionNode = FALSE
	EndGlobalSection
	GlobalSection(ExtensibilityGlobals) = postSolution
		SolutionGuid = {5E5C9108-8DFD-4D24-B525-C02639B54F9B}
	EndGlobalSection
EndGlobal
